
Microsoft Visual Studio Solution File, Format Version 12.00
# Visual Studio 15
VisualStudioVersion = 15.0.27703.2026
MinimumVisualStudioVersion = 10.0.40219.1
Project("{FAE04EC0-301F-11D3-BF4B-00C04F79EFBC}") = "ListBlobsConsole", "ListBlobsConsole\ListBlobsConsole.csproj", "{2166AB8F-DCBA-44B5-A9D9-E596EB3A7EBD}"
EndProject
Global
	GlobalSection(SolutionConfigurationPlatforms) = preSolution
		Debug|Any CPU = Debug|Any CPU
		Release|Any CPU = Release|Any CPU
	EndGlobalSection
	GlobalSection(ProjectConfigurationPlatforms) = postSolution
		{2166AB8F-DCBA-44B5-A9D9-E596EB3A7EBD}.Debug|Any CPU.ActiveCfg = Debug|Any CPU
		{2166AB8F-DCBA-44B5-A9D9-E596EB3A7EBD}.Debug|Any CPU.Build.0 = Debug|Any CPU
		{2166AB8F-DCBA-44B5-A9D9-E596EB3A7EBD}.Release|Any CPU.ActiveCfg = Release|Any CPU
		{2166AB8F-DCBA-44B5-A9D9-E596EB3A7EBD}.Release|Any CPU.Build.0 = Release|Any CPU
	EndGlobalSection
	GlobalSection(SolutionProperties) = preSolution
		HideSolutionNode = FALSE
	EndGlobalSection
	GlobalSection(ExtensibilityGlobals) = postSolution
		SolutionGuid = {80A1B026-E8BD-4B69-96D8-4B03EDAA4DD7}
	EndGlobalSection
EndGlobal
